
Microsoft Visual Studio Solution File, Format Version 12.00
# Visual Studio Version 17
VisualStudioVersion = 17.7.34024.191
MinimumVisualStudioVersion = 10.0.40219.1
Project("{FAE04EC0-301F-11D3-BF4B-00C04F79EFBC}") = "AspProductHW", "AspProductHW\AspProductHW.csproj", "{513627CB-55A5-4AB9-9FE7-6C4629815162}"
EndProject
Global
	GlobalSection(SolutionConfigurationPlatforms) = preSolution
		Debug|Any CPU = Debug|Any CPU
		Release|Any CPU = Release|Any CPU
	EndGlobalSection
	GlobalSection(ProjectConfigurationPlatforms) = postSolution
		{513627CB-55A5-4AB9-9FE7-6C4629815162}.Debug|Any CPU.ActiveCfg = Debug|Any CPU
		{513627CB-55A5-4AB9-9FE7-6C4629815162}.Debug|Any CPU.Build.0 = Debug|Any CPU
		{513627CB-55A5-4AB9-9FE7-6C4629815162}.Release|Any CPU.ActiveCfg = Release|Any CPU
		{513627CB-55A5-4AB9-9FE7-6C4629815162}.Release|Any CPU.Build.0 = Release|Any CPU
	EndGlobalSection
	GlobalSection(SolutionProperties) = preSolution
		HideSolutionNode = FALSE
	EndGlobalSection
	GlobalSection(ExtensibilityGlobals) = postSolution
		SolutionGuid = {4D2DB239-B65D-4AD0-82CD-5D100BB0B6DB}
	EndGlobalSection
EndGlobal
